
Microsoft Visual Studio Solution File, Format Version 12.00
# Visual Studio Version 17
VisualStudioVersion = 17.0.31903.59
MinimumVisualStudioVersion = 10.0.40219.1
Project("{FAE04EC0-301F-11D3-BF4B-00C04F79EFBC}") = "Experimentor", "Experimentor\Experimentor.csproj", "{3782FFF1-1B4A-49E8-A090-177E172984B1}"
EndProject
Project("{FAE04EC0-301F-11D3-BF4B-00C04F79EFBC}") = "Experimentor.Tests", "Experimentor.Tests\Experimentor.Tests.csproj", "{E49C3567-69D4-43BD-8AAF-5DB1911E49A7}"
EndProject
Global
	GlobalSection(SolutionConfigurationPlatforms) = preSolution
		Debug|Any CPU = Debug|Any CPU
		Release|Any CPU = Release|Any CPU
	EndGlobalSection
	GlobalSection(ProjectConfigurationPlatforms) = postSolution
		{3782FFF1-1B4A-49E8-A090-177E172984B1}.Debug|Any CPU.ActiveCfg = Debug|Any CPU
		{3782FFF1-1B4A-49E8-A090-177E172984B1}.Debug|Any CPU.Build.0 = Debug|Any CPU
		{3782FFF1-1B4A-49E8-A090-177E172984B1}.Release|Any CPU.ActiveCfg = Release|Any CPU
		{3782FFF1-1B4A-49E8-A090-177E172984B1}.Release|Any CPU.Build.0 = Release|Any CPU
		{E49C3567-69D4-43BD-8AAF-5DB1911E49A7}.Debug|Any CPU.ActiveCfg = Debug|Any CPU
		{E49C3567-69D4-43BD-8AAF-5DB1911E49A7}.Debug|Any CPU.Build.0 = Debug|Any CPU
		{E49C3567-69D4-43BD-8AAF-5DB1911E49A7}.Release|Any CPU.ActiveCfg = Release|Any CPU
		{E49C3567-69D4-43BD-8AAF-5DB1911E49A7}.Release|Any CPU.Build.0 = Release|Any CPU
	EndGlobalSection
	GlobalSection(SolutionProperties) = preSolution
		HideSolutionNode = FALSE
	EndGlobalSection
	GlobalSection(ExtensibilityGlobals) = postSolution
		SolutionGuid = {EBAC054F-8517-455E-8CBB-A22EBD4E7203}
	EndGlobalSection
EndGlobal
